// !$*UTF8*$!
{
	archiveVersion = 1;
	classes = {
	};
	objectVersion = 48;
	objects = {

/* Begin PBXBuildFile section */
		F5ABD62F20501C72003B2B04 /* AppDelegate.swift in Sources */ = {isa = PBXBuildFile; fileRef = F5ABD62E20501C72003B2B04 /* AppDelegate.swift */; };
		F5ABD63120501C72003B2B04 /* ViewController.swift in Sources */ = {isa = PBXBuildFile; fileRef = F5ABD63020501C72003B2B04 /* ViewController.swift */; };
		F5ABD63420501C72003B2B04 /* Main.storyboard in Resources */ = {isa = PBXBuildFile; fileRef = F5ABD63220501C72003B2B04 /* Main.storyboard */; };
		F5ABD63620501C72003B2B04 /* Assets.xcassets in Resources */ = {isa = PBXBuildFile; fileRef = F5ABD63520501C72003B2B04 /* Assets.xcassets */; };
		F5ABD63920501C72003B2B04 /* LaunchScreen.storyboard in Resources */ = {isa = PBXBuildFile; fileRef = F5ABD63720501C72003B2B04 /* LaunchScreen.storyboard */; };
/* End PBXBuildFile section */

/* Begin PBXFileReference section */
		F5ABD62B20501C72003B2B04 /* NavigationControllerSample.app */ = {isa = PBXFileReference; explicitFileType = wrapper.application; includeInIndex = 0; path = NavigationControllerSample.app; sourceTree = BUILT_PRODUCTS_DIR; };
		F5ABD62E20501C72003B2B04 /* AppDelegate.swift */ = {isa = PBXFileReference; lastKnownFileType = sourcecode.swift; path = AppDelegate.swift; sourceTree = "<group>"; };
		F5ABD63020501C72003B2B04 /* ViewController.swift */ = {isa = PBXFileReference; lastKnownFileType = sourcecode.swift; path = ViewController.swift; sourceTree = "<group>"; };
		F5ABD63320501C72003B2B04 /* Base */ = {isa = PBXFileReference; lastKnownFileType = file.storyboard; name = Base; path = Base.lproj/Main.storyboard; sourceTree = "<group>"; };
		F5ABD63520501C72003B2B04 /* Assets.xcassets */ = {isa = PBXFileReference; lastKnownFileType = folder.assetcatalog; path = Assets.xcassets; sourceTree = "<group>"; };
		F5ABD63820501C72003B2B04 /* Base */ = {isa = PBXFileReference; lastKnownFileType = file.storyboard; name = Base; path = Base.lproj/LaunchScreen.storyboard; sourceTree = "<group>"; };
		F5ABD63A20501C72003B2B04 /* Info.plist */ = {isa = PBXFileReference; lastKnownFileType = text.plist.xml; path = Info.plist; sourceTree = "<group>"; };
/* End PBXFileReference section */

/* Begin PBXFrameworksBuildPhase section */
		F5ABD62820501C72003B2B04 /* Frameworks */ = {
			isa = PBXFrameworksBuildPhase;
			buildActionMask = 2147483647;
			files = (
			);
			runOnlyForDeploymentPostprocessing = 0;
		};
/* End PBXFrameworksBuildPhase section */

/* Begin PBXGroup section */
		F5ABD62220501C72003B2B04 = {
			isa = PBXGroup;
			children = (
				F5ABD62D20501C72003B2B04 /* NavigationControllerSample */,
				F5ABD62C20501C72003B2B04 /* Products */,
			);
			sourceTree = "<group>";
		};
		F5ABD62C20501C72003B2B04 /* Products */ = {
			isa = PBXGroup;
			children = (
				F5ABD62B20501C72003B2B04 /* NavigationControllerSample.app */,
			);
			name = Products;
			sourceTree = "<group>";
		};
		F5ABD62D20501C72003B2B04 /* NavigationControllerSample */ = {
			isa = PBXGroup;
			children = (
				F5ABD62E20501C72003B2B04 /* AppDelegate.swift */,
				F5ABD63020501C72003B2B04 /* ViewController.swift */,
				F5ABD63220501C72003B2B04 /* Main.storyboard */,
				F5ABD63520501C72003B2B04 /* Assets.xcassets */,
				F5ABD63720501C72003B2B04 /* LaunchScreen.storyboard */,
				F5ABD63A20501C72003B2B04 /* Info.plist */,
			);
			path = NavigationControllerSample;
			sourceTree = "<group>";
		};
/* End PBXGroup section */

/* Begin PBXNativeTarget section */
		F5ABD62A20501C72003B2B04 /* NavigationControllerSample */ = {
			isa = PBXNativeTarget;
			buildConfigurationList = F5ABD63D20501C72003B2B04 /* Build configuration list for PBXNativeTarget "NavigationControllerSample" */;
			buildPhases = (
				F5ABD62720501C72003B2B04 /* Sources */,
				F5ABD62820501C72003B2B04 /* Frameworks */,
				F5ABD62920501C72003B2B04 /* Resources */,
			);
			buildRules = (
			);
			dependencies = (
			);
			name = NavigationControllerSample;
			productName = NavigationControllerSample;
			productReference = F5ABD62B20501C72003B2B04 /* NavigationControllerSample.app */;
			productType = "com.apple.product-type.application";
		};
/* End PBXNativeTarget section */

/* Begin PBXProject section */
		F5ABD62320501C72003B2B04 /* Project object */ = {
			isa = PBXProject;
			attributes = {
				LastSwiftUpdateCheck = 0920;
				LastUpgradeCheck = 0920;
				ORGANIZATIONNAME = "HIRO's.NET";
				TargetAttributes = {
					F5ABD62A20501C72003B2B04 = {
						CreatedOnToolsVersion = 9.2;
						ProvisioningStyle = Automatic;
					};
				};
			};
			buildConfigurationList = F5ABD62620501C72003B2B04 /* Build configuration list for PBXProject "NavigationControllerSample" */;
			compatibilityVersion = "Xcode 8.0";
			developmentRegion = en;
			hasScannedForEncodings = 0;
			knownRegions = (
				en,
				Base,
			);
			mainGroup = F5ABD62220501C72003B2B04;
			productRefGroup = F5ABD62C20501C72003B2B04 /* Products */;
			projectDirPath = "";
			projectRoot = "";
			targets = (
				F5ABD62A20501C72003B2B04 /* NavigationControllerSample */,
			);
		};
/* End PBXProject section */

/* Begin PBXResourcesBuildPhase section */
		F5ABD62920501C72003B2B04 /* Resources */ = {
			isa = PBXResourcesBuildPhase;
			buildActionMask = 2147483647;
			files = (
				F5ABD63920501C72003B2B04 /* LaunchScreen.storyboard in Resources */,
				F5ABD63620501C72003B2B04 /* Assets.xcassets in Resources */,
				F5ABD63420501C72003B2B04 /* Main.storyboard in Resources */,
			);
			runOnlyForDeploymentPostprocessing = 0;
		};
/* End PBXResourcesBuildPhase section */

/* Begin PBXSourcesBuildPhase section */
		F5ABD62720501C72003B2B04 /* Sources */ = {
			isa = PBXSourcesBuildPhase;
			buildActionMask = 2147483647;
			files = (
				F5ABD63120501C72003B2B04 /* ViewController.swift in Sources */,
				F5ABD62F20501C72003B2B04 /* AppDelegate.swift in Sources */,
			);
			runOnlyForDeploymentPostprocessing = 0;
		};
/* End PBXSourcesBuildPhase section */

/* Begin PBXVariantGroup section */
		F5ABD63220501C72003B2B04 /* Main.storyboard */ = {
			isa = PBXVariantGroup;
			children = (
				F5ABD63320501C72003B2B04 /* Base */,
			);
			name = Main.storyboard;
			sourceTree = "<group>";
		};
		F5ABD63720501C72003B2B04 /* LaunchScreen.storyboard */ = {
			isa = PBXVariantGroup;
			children = (
				F5ABD63820501C72003B2B04 /* Base */,
			);
			name = LaunchScreen.storyboard;
			sourceTree = "<group>";
		};
/* End PBXVariantGroup section */

/* Begin XCBuildConfiguration section */
		F5ABD63B20501C72003B2B04 /* Debug */ = {
			isa = XCBuildConfiguration;
			buildSettings = {
				ALWAYS_SEARCH_USER_PATHS = NO;
				CLANG_ANALYZER_NONNULL = YES;
				CLANG_ANALYZER_NUMBER_OBJECT_CONVERSION = YES_AGGRESSIVE;
				CLANG_CXX_LANGUAGE_STANDARD = "gnu++14";
				CLANG_CXX_LIBRARY = "libc++";
				CLANG_ENABLE_MODULES = YES;
				CLANG_ENABLE_OBJC_ARC = YES;
				CLANG_WARN_BLOCK_CAPTURE_AUTORELEASING = YES;
				CLANG_WARN_BOOL_CONVERSION = YES;
				CLANG_WARN_COMMA = YES;
				CLANG_WARN_CONSTANT_CONVERSION = YES;
				CLANG_WARN_DIRECT_OBJC_ISA_USAGE = YES_ERROR;
				CLANG_WARN_DOCUMENTATION_COMMENTS = YES;
				CLANG_WARN_EMPTY_BODY = YES;
				CLANG_WARN_ENUM_CONVERSION = YES;
				CLANG_WARN_INFINITE_RECURSION = YES;
				CLANG_WARN_INT_CONVERSION = YES;
				CLANG_WARN_NON_LITERAL_NULL_CONVERSION = YES;
				CLANG_WARN_OBJC_LITERAL_CONVERSION = YES;
				CLANG_WARN_OBJC_ROOT_CLASS = YES_ERROR;
				CLANG_WARN_RANGE_LOOP_ANALYSIS = YES;
				CLANG_WARN_STRICT_PROTOTYPES = YES;
				CLANG_WARN_SUSPICIOUS_MOVE = YES;
				CLANG_WARN_UNGUARDED_AVAILABILITY = YES_AGGRESSIVE;
				CLANG_WARN_UNREACHABLE_CODE = YES;
				CLANG_WARN__DUPLICATE_METHOD_MATCH = YES;
				CODE_SIGN_IDENTITY = "iPhone Developer";
				COPY_PHASE_STRIP = NO;
				DEBUG_INFORMATION_FORMAT = dwarf;
				ENABLE_STRICT_OBJC_MSGSEND = YES;
				ENABLE_TESTABILITY = YES;
				GCC_C_LANGUAGE_STANDARD = gnu11;
				GCC_DYNAMIC_NO_PIC = NO;
				GCC_NO_COMMON_BLOCKS = YES;
				GCC_OPTIMIZATION_LEVEL = 0;
				GCC_PREPROCESSOR_DEFINITIONS = (
					"DEBUG=1",
					"$(inherited)",
				);
				GCC_WARN_64_TO_32_BIT_CONVERSION = YES;
				GCC_WARN_ABOUT_RETURN_TYPE = YES_ERROR;
				GCC_WARN_UNDECLARED_SELECTOR = YES;
				GCC_WARN_UNINITIALIZED_AUTOS = YES_AGGRESSIVE;
				GCC_WARN_UNUSED_FUNCTION = YES;
				GCC_WARN_UNUSED_VARIABLE = YES;
				IPHONEOS_DEPLOYMENT_TARGET = 11.2;
				MTL_ENABLE_DEBUG_INFO = YES;
				ONLY_ACTIVE_ARCH = YES;
				SDKROOT = iphoneos;
				SWIFT_ACTIVE_COMPILATION_CONDITIONS = DEBUG;
				SWIFT_OPTIMIZATION_LEVEL = "-Onone";
			};
			name = Debug;
		};
		F5ABD63C20501C72003B2B04 /* Release */ = {
			isa = XCBuildConfiguration;
			buildSettings = {
				ALWAYS_SEARCH_USER_PATHS = NO;
				CLANG_ANALYZER_NONNULL = YES;
				CLANG_ANALYZER_NUMBER_OBJECT_CONVERSION = YES_AGGRESSIVE;
				CLANG_CXX_LANGUAGE_STANDARD = "gnu++14";
				CLANG_CXX_LIBRARY = "libc++";
				CLANG_ENABLE_MODULES = YES;
				CLANG_ENABLE_OBJC_ARC = YES;
				CLANG_WARN_BLOCK_CAPTURE_AUTORELEASING = YES;
				CLANG_WARN_BOOL_CONVERSION = YES;
				CLANG_WARN_COMMA = YES;
				CLANG_WARN_CONSTANT_CONVERSION = YES;
				CLANG_WARN_DIRECT_OBJC_ISA_USAGE = YES_ERROR;
				CLANG_WARN_DOCUMENTATION_COMMENTS = YES;
				CLANG_WARN_EMPTY_BODY = YES;
				CLANG_WARN_ENUM_CONVERSION = YES;
				CLANG_WARN_INFINITE_RECURSION = YES;
				CLANG_WARN_INT_CONVERSION = YES;
				CLANG_WARN_NON_LITERAL_NULL_CONVERSION = YES;
				CLANG_WARN_OBJC_LITERAL_CONVERSION = YES;
				CLANG_WARN_OBJC_ROOT_CLASS = YES_ERROR;
				CLANG_WARN_RANGE_LOOP_ANALYSIS = YES;
				CLANG_WARN_STRICT_PROTOTYPES = YES;
				CLANG_WARN_SUSPICIOUS_MOVE = YES;
				CLANG_WARN_UNGUARDED_AVAILABILITY = YES_AGGRESSIVE;
				CLANG_WARN_UNREACHABLE_CODE = YES;
				CLANG_WARN__DUPLICATE_METHOD_MATCH = YES;
				CODE_SIGN_IDENTITY = "iPhone Developer";
				COPY_PHASE_STRIP = NO;
				DEBUG_INFORMATION_FORMAT = "dwarf-with-dsym";
				ENABLE_NS_ASSERTIONS = NO;
				ENABLE_STRICT_OBJC_MSGSEND = YES;
				GCC_C_LANGUAGE_STANDARD = gnu11;
				GCC_NO_COMMON_BLOCKS = YES;
				GCC_WARN_64_TO_32_BIT_CONVERSION = YES;
				GCC_WARN_ABOUT_RETURN_TYPE = YES_ERROR;
				GCC_WARN_UNDECLARED_SELECTOR = YES;
				GCC_WARN_UNINITIALIZED_AUTOS = YES_AGGRESSIVE;
				GCC_WARN_UNUSED_FUNCTION = YES;
				GCC_WARN_UNUSED_VARIABLE = YES;
				IPHONEOS_DEPLOYMENT_TARGET = 11.2;
				MTL_ENABLE_DEBUG_INFO = NO;
				SDKROOT = iphoneos;
				SWIFT_OPTIMIZATION_LEVEL = "-Owholemodule";
				VALIDATE_PRODUCT = YES;
			};
			name = Release;
		};
		F5ABD63E20501C72003B2B04 /* Debug */ = {
			isa = XCBuildConfiguration;
			buildSettings = {
				ASSETCATALOG_COMPILER_APPICON_NAME = AppIcon;
				CODE_SIGN_STYLE = Automatic;
				DEVELOPMENT_TEAM = 8SRW97RV2Y;
				INFOPLIST_FILE = NavigationControllerSample/Info.plist;
				LD_RUNPATH_SEARCH_PATHS = "$(inherited) @executable_path/Frameworks";
				PRODUCT_BUNDLE_IDENTIFIER = "net.hiros-dot.net.NavigationControllerSample";
				PRODUCT_NAME = "$(TARGET_NAME)";
				SWIFT_VERSION = 4.0;
				TARGETED_DEVICE_FAMILY = "1,2";
			};
			name = Debug;
		};
		F5ABD63F20501C72003B2B04 /* Release */ = {
			isa = XCBuildConfiguration;
			buildSettings = {
				ASSETCATALOG_COMPILER_APPICON_NAME = AppIcon;
				CODE_SIGN_STYLE = Automatic;
				DEVELOPMENT_TEAM = 8SRW97RV2Y;
				INFOPLIST_FILE = NavigationControllerSample/Info.plist;
				LD_RUNPATH_SEARCH_PATHS = "$(inherited) @executable_path/Frameworks";
				PRODUCT_BUNDLE_IDENTIFIER = "net.hiros-dot.net.NavigationControllerSample";
				PRODUCT_NAME = "$(TARGET_NAME)";
				SWIFT_VERSION = 4.0;
				TARGETED_DEVICE_FAMILY = "1,2";
			};
			name = Release;
		};
/* End XCBuildConfiguration section */

/* Begin XCConfigurationList section */
		F5ABD62620501C72003B2B04 /* Build configuration list for PBXProject "NavigationControllerSample" */ = {
			isa = XCConfigurationList;
			buildConfigurations = (
				F5ABD63B20501C72003B2B04 /* Debug */,
				F5ABD63C20501C72003B2B04 /* Release */,
			);
			defaultConfigurationIsVisible = 0;
			defaultConfigurationName = Release;
		};
		F5ABD63D20501C72003B2B04 /* Build configuration list for PBXNativeTarget "NavigationControllerSample" */ = {
			isa = XCConfigurationList;
			buildConfigurations = (
				F5ABD63E20501C72003B2B04 /* Debug */,
				F5ABD63F20501C72003B2B04 /* Release */,
			);
			defaultConfigurationIsVisible = 0;
			defaultConfigurationName = Release;
		};
/* End XCConfigurationList section */
	};
	rootObject = F5ABD62320501C72003B2B04 /* Project object */;
}
